
Microsoft Visual Studio Solution File, Format Version 12.00
# Visual Studio 15
VisualStudioVersion = 15.0.28307.902
MinimumVisualStudioVersion = 10.0.40219.1
Project("{8BC9CEB8-8B4A-11D0-8D11-00A0C91BC942}") = "IrrationalNumbers", "IrrationalNumbers.vcxproj", "{39980DD1-7B87-4390-999D-D6AC802C8B7B}"
EndProject
Global
	GlobalSection(SolutionConfigurationPlatforms) = preSolution
		Debug|x64 = Debug|x64
		Debug|x86 = Debug|x86
		Release|x64 = Release|x64
		Release|x86 = Release|x86
	EndGlobalSection
	GlobalSection(ProjectConfigurationPlatforms) = postSolution
		{39980DD1-7B87-4390-999D-D6AC802C8B7B}.Debug|x64.ActiveCfg = Debug|x64
		{39980DD1-7B87-4390-999D-D6AC802C8B7B}.Debug|x64.Build.0 = Debug|x64
		{39980DD1-7B87-4390-999D-D6AC802C8B7B}.Debug|x86.ActiveCfg = Debug|Win32
		{39980DD1-7B87-4390-999D-D6AC802C8B7B}.Debug|x86.Build.0 = Debug|Win32
		{39980DD1-7B87-4390-999D-D6AC802C8B7B}.Release|x64.ActiveCfg = Release|x64
		{39980DD1-7B87-4390-999D-D6AC802C8B7B}.Release|x64.Build.0 = Release|x64
		{39980DD1-7B87-4390-999D-D6AC802C8B7B}.Release|x86.ActiveCfg = Release|Win32
		{39980DD1-7B87-4390-999D-D6AC802C8B7B}.Release|x86.Build.0 = Release|Win32
	EndGlobalSection
	GlobalSection(SolutionProperties) = preSolution
		HideSolutionNode = FALSE
	EndGlobalSection
	GlobalSection(ExtensibilityGlobals) = postSolution
		SolutionGuid = {869344B6-05AB-4847-A056-4397B1204D0B}
	EndGlobalSection
EndGlobal
